// !$*UTF8*$!
{
	archiveVersion = 1;
	classes = {
	};
	objectVersion = 77;
	objects = {

/* Begin PBXContainerItemProxy section */
		24AB9A522DF3CC5A0063D669 /* PBXContainerItemProxy */ = {
			isa = PBXContainerItemProxy;
			containerPortal = 24AB9A392DF3CC570063D669 /* Project object */;
			proxyType = 1;
			remoteGlobalIDString = 24AB9A402DF3CC570063D669;
			remoteInfo = Tech.AI;
		};
		24AB9A5C2DF3CC5A0063D669 /* PBXContainerItemProxy */ = {
			isa = PBXContainerItemProxy;
			containerPortal = 24AB9A392DF3CC570063D669 /* Project object */;
			proxyType = 1;
			remoteGlobalIDString = 24AB9A402DF3CC570063D669;
			remoteInfo = Tech.AI;
		};
/* End PBXContainerItemProxy section */

/* Begin PBXFileReference section */
		24AB9A412DF3CC570063D669 /* Tech.AI.app */ = {isa = PBXFileReference; explicitFileType = wrapper.application; includeInIndex = 0; path = Tech.AI.app; sourceTree = BUILT_PRODUCTS_DIR; };
		24AB9A512DF3CC5A0063D669 /* Tech.AITests.xctest */ = {isa = PBXFileReference; explicitFileType = wrapper.cfbundle; includeInIndex = 0; path = Tech.AITests.xctest; sourceTree = BUILT_PRODUCTS_DIR; };
		24AB9A5B2DF3CC5A0063D669 /* Tech.AIUITests.xctest */ = {isa = PBXFileReference; explicitFileType = wrapper.cfbundle; includeInIndex = 0; path = Tech.AIUITests.xctest; sourceTree = BUILT_PRODUCTS_DIR; };
/* End PBXFileReference section */

/* Begin PBXFileSystemSynchronizedBuildFileExceptionSet section */
		24714BCC2F89727400C90ADC /* Exceptions for "Tech.AI" folder in "Tech.AI" target */ = {
			isa = PBXFileSystemSynchronizedBuildFileExceptionSet;
			membershipExceptions = (
				.gitignore,
			);
			target = 24AB9A402DF3CC570063D669 /* Tech.AI */;
		};
/* End PBXFileSystemSynchronizedBuildFileExceptionSet section */

/* Begin PBXFileSystemSynchronizedGroupBuildPhaseMembershipExceptionSet section */
		24714BCD2F89727400C90ADC /* Exceptions for "Tech.AI" folder in "Compile Sources" phase from "Tech.AI" target */ = {
			isa = PBXFileSystemSynchronizedGroupBuildPhaseMembershipExceptionSet;
			buildPhase = 24AB9A3D2DF3CC570063D669 /* Sources */;
			membershipExceptions = (
				.gitignore,
			);
		};
/* End PBXFileSystemSynchronizedGroupBuildPhaseMembershipExceptionSet section */

/* Begin PBXFileSystemSynchronizedRootGroup section */
		24AB9A432DF3CC570063D669 /* Tech.AI */ = {
			isa = PBXFileSystemSynchronizedRootGroup;
			exceptions = (
				24714BCC2F89727400C90ADC /* Exceptions for "Tech.AI" folder in "Tech.AI" target */,
				24714BCD2F89727400C90ADC /* Exceptions for "Tech.AI" folder in "Compile Sources" phase from "Tech.AI" target */,
			);
			path = Tech.AI;
			sourceTree = "<group>";
		};
		24AB9A542DF3CC5A0063D669 /* Tech.AITests */ = {
			isa = PBXFileSystemSynchronizedRootGroup;
			path = Tech.AITests;
			sourceTree = "<group>";
		};
		24AB9A5E2DF3CC5A0063D669 /* Tech.AIUITests */ = {
			isa = PBXFileSystemSynchronizedRootGroup;
			path = Tech.AIUITests;
			sourceTree = "<group>";
		};
/* End PBXFileSystemSynchronizedRootGroup section */

/* Begin PBXFrameworksBuildPhase section */
		24AB9A3E2DF3CC570063D669 /* Frameworks */ = {
			isa = PBXFrameworksBuildPhase;
			buildActionMask = 2147483647;
			files = (
			);
			runOnlyForDeploymentPostprocessing = 0;
		};
		24AB9A4E2DF3CC5A0063D669 /* Frameworks */ = {
			isa = PBXFrameworksBuildPhase;
			buildActionMask = 2147483647;
			files = (
			);
			runOnlyForDeploymentPostprocessing = 0;
		};
		24AB9A582DF3CC5A0063D669 /* Frameworks */ = {
			isa = PBXFrameworksBuildPhase;
			buildActionMask = 2147483647;
			files = (
			);
			runOnlyForDeploymentPostprocessing = 0;
		};
/* End PBXFrameworksBuildPhase section */

/* Begin PBXGroup section */
		24AB9A382DF3CC570063D669 = {
			isa = PBXGroup;
			children = (
				24AB9A432DF3CC570063D669 /* Tech.AI */,
				24AB9A542DF3CC5A0063D669 /* Tech.AITests */,
				24AB9A5E2DF3CC5A0063D669 /* Tech.AIUITests */,
				24AB9A422DF3CC570063D669 /* Products */,
			);
			sourceTree = "<group>";
		};
		24AB9A422DF3CC570063D669 /* Products */ = {
			isa = PBXGroup;
			children = (
				24AB9A412DF3CC570063D669 /* Tech.AI.app */,
				24AB9A512DF3CC5A0063D669 /* Tech.AITests.xctest */,
				24AB9A5B2DF3CC5A0063D669 /* Tech.AIUITests.xctest */,
			);
			name = Products;
			sourceTree = "<group>";
		};
/* End PBXGroup section */

/* Begin PBXNativeTarget section */
		24AB9A402DF3CC570063D669 /* Tech.AI */ = {
			isa = PBXNativeTarget;
			buildConfigurationList = 24AB9A652DF3CC5A0063D669 /* Build configuration list for PBXNativeTarget "Tech.AI" */;
			buildPhases = (
				24AB9A3D2DF3CC570063D669 /* Sources */,
				24AB9A3E2DF3CC570063D669 /* Frameworks */,
				24AB9A3F2DF3CC570063D669 /* Resources */,
			);
			buildRules = (
			);
			dependencies = (
			);
			fileSystemSynchronizedGroups = (
				24AB9A432DF3CC570063D669 /* Tech.AI */,
			);
			name = Tech.AI;
			packageProductDependencies = (
			);
			productName = Tech.AI;
			productReference = 24AB9A412DF3CC570063D669 /* Tech.AI.app */;
			productType = "com.apple.product-type.application";
		};
		24AB9A502DF3CC5A0063D669 /* Tech.AITests */ = {
			isa = PBXNativeTarget;
			buildConfigurationList = 24AB9A682DF3CC5A0063D669 /* Build configuration list for PBXNativeTarget "Tech.AITests" */;
			buildPhases = (
				24AB9A4D2DF3CC5A0063D669 /* Sources */,
				24AB9A4E2DF3CC5A0063D669 /* Frameworks */,
				24AB9A4F2DF3CC5A0063D669 /* Resources */,
			);
			buildRules = (
			);
			dependencies = (
				24AB9A532DF3CC5A0063D669 /* PBXTargetDependency */,
			);
			fileSystemSynchronizedGroups = (
				24AB9A542DF3CC5A0063D669 /* Tech.AITests */,
			);
			name = Tech.AITests;
			packageProductDependencies = (
			);
			productName = Tech.AITests;
			productReference = 24AB9A512DF3CC5A0063D669 /* Tech.AITests.xctest */;
			productType = "com.apple.product-type.bundle.unit-test";
		};
		24AB9A5A2DF3CC5A0063D669 /* Tech.AIUITests */ = {
			isa = PBXNativeTarget;
			buildConfigurationList = 24AB9A6B2DF3CC5A0063D669 /* Build configuration list for PBXNativeTarget "Tech.AIUITests" */;
			buildPhases = (
				24AB9A572DF3CC5A0063D669 /* Sources */,
				24AB9A582DF3CC5A0063D669 /* Frameworks */,
				24AB9A592DF3CC5A0063D669 /* Resources */,
			);
			buildRules = (
			);
			dependencies = (
				24AB9A5D2DF3CC5A0063D669 /* PBXTargetDependency */,
			);
			fileSystemSynchronizedGroups = (
				24AB9A5E2DF3CC5A0063D669 /* Tech.AIUITests */,
			);
			name = Tech.AIUITests;
			packageProductDependencies = (
			);
			productName = Tech.AIUITests;
			productReference = 24AB9A5B2DF3CC5A0063D669 /* Tech.AIUITests.xctest */;
			productType = "com.apple.product-type.bundle.ui-testing";
		};
/* End PBXNativeTarget section */

/* Begin PBXProject section */
		24AB9A392DF3CC570063D669 /* Project object */ = {
			isa = PBXProject;
			attributes = {
				BuildIndependentTargetsInParallel = 1;
				LastSwiftUpdateCheck = 1620;
				LastUpgradeCheck = 1620;
				TargetAttributes = {
					24AB9A402DF3CC570063D669 = {
						CreatedOnToolsVersion = 16.2;
					};
					24AB9A502DF3CC5A0063D669 = {
						CreatedOnToolsVersion = 16.2;
						TestTargetID = 24AB9A402DF3CC570063D669;
					};
					24AB9A5A2DF3CC5A0063D669 = {
						CreatedOnToolsVersion = 16.2;
						TestTargetID = 24AB9A402DF3CC570063D669;
					};
				};
			};
			buildConfigurationList = 24AB9A3C2DF3CC570063D669 /* Build configuration list for PBXProject "Tech.AI" */;
			developmentRegion = en;
			hasScannedForEncodings = 0;
			knownRegions = (
				en,
				Base,
			);
			mainGroup = 24AB9A382DF3CC570063D669;
			minimizedProjectReferenceProxies = 1;
			preferredProjectObjectVersion = 77;
			productRefGroup = 24AB9A422DF3CC570063D669 /* Products */;
			projectDirPath = "";
			projectRoot = "";
			targets = (
				24AB9A402DF3CC570063D669 /* Tech.AI */,
				24AB9A502DF3CC5A0063D669 /* Tech.AITests */,
				24AB9A5A2DF3CC5A0063D669 /* Tech.AIUITests */,
			);
		};
/* End PBXProject section */

/* Begin PBXResourcesBuildPhase section */
		24AB9A3F2DF3CC570063D669 /* Resources */ = {
			isa = PBXResourcesBuildPhase;
			buildActionMask = 2147483647;
			files = (
			);
			runOnlyForDeploymentPostprocessing = 0;
		};
		24AB9A4F2DF3CC5A0063D669 /* Resources */ = {
			isa = PBXResourcesBuildPhase;
			buildActionMask = 2147483647;
			files = (
			);
			runOnlyForDeploymentPostprocessing = 0;
		};
		24AB9A592DF3CC5A0063D669 /* Resources */ = {
			isa = PBXResourcesBuildPhase;
			buildActionMask = 2147483647;
			files = (
			);
			runOnlyForDeploymentPostprocessing = 0;
		};
/* End PBXResourcesBuildPhase section */

/* Begin PBXSourcesBuildPhase section */
		24AB9A3D2DF3CC570063D669 /* Sources */ = {
			isa = PBXSourcesBuildPhase;
			buildActionMask = 2147483647;
			files = (
			);
			runOnlyForDeploymentPostprocessing = 0;
		};
		24AB9A4D2DF3CC5A0063D669 /* Sources */ = {
			isa = PBXSourcesBuildPhase;
			buildActionMask = 2147483647;
			files = (
			);
			runOnlyForDeploymentPostprocessing = 0;
		};
		24AB9A572DF3CC5A0063D669 /* Sources */ = {
			isa = PBXSourcesBuildPhase;
			buildActionMask = 2147483647;
			files = (
			);
			runOnlyForDeploymentPostprocessing = 0;
		};
/* End PBXSourcesBuildPhase section */

/* Begin PBXTargetDependency section */
		24AB9A532DF3CC5A0063D669 /* PBXTargetDependency */ = {
			isa = PBXTargetDependency;
			target = 24AB9A402DF3CC570063D669 /* Tech.AI */;
			targetProxy = 24AB9A522DF3CC5A0063D669 /* PBXContainerItemProxy */;
		};
		24AB9A5D2DF3CC5A0063D669 /* PBXTargetDependency */ = {
			isa = PBXTargetDependency;
			target = 24AB9A402DF3CC570063D669 /* Tech.AI */;
			targetProxy = 24AB9A5C2DF3CC5A0063D669 /* PBXContainerItemProxy */;
		};
/* End PBXTargetDependency section */

/* Begin XCBuildConfiguration section */
		24AB9A632DF3CC5A0063D669 /* Debug */ = {
			isa = XCBuildConfiguration;
			buildSettings = {
				ALWAYS_SEARCH_USER_PATHS = NO;
				ASSETCATALOG_COMPILER_GENERATE_SWIFT_ASSET_SYMBOL_EXTENSIONS = YES;
				CLANG_ANALYZER_NONNULL = YES;
				CLANG_ANALYZER_NUMBER_OBJECT_CONVERSION = YES_AGGRESSIVE;
				CLANG_CXX_LANGUAGE_STANDARD = "gnu++20";
				CLANG_ENABLE_MODULES = YES;
				CLANG_ENABLE_OBJC_ARC = YES;
				CLANG_ENABLE_OBJC_WEAK = YES;
				CLANG_WARN_BLOCK_CAPTURE_AUTORELEASING = YES;
				CLANG_WARN_BOOL_CONVERSION = YES;
				CLANG_WARN_COMMA = YES;
				CLANG_WARN_CONSTANT_CONVERSION = YES;
				CLANG_WARN_DEPRECATED_OBJC_IMPLEMENTATIONS = YES;
				CLANG_WARN_DIRECT_OBJC_ISA_USAGE = YES_ERROR;
				CLANG_WARN_DOCUMENTATION_COMMENTS = YES;
				CLANG_WARN_EMPTY_BODY = YES;
				CLANG_WARN_ENUM_CONVERSION = YES;
				CLANG_WARN_INFINITE_RECURSION = YES;
				CLANG_WARN_INT_CONVERSION = YES;
				CLANG_WARN_NON_LITERAL_NULL_CONVERSION = YES;
				CLANG_WARN_OBJC_IMPLICIT_RETAIN_SELF = YES;
				CLANG_WARN_OBJC_LITERAL_CONVERSION = YES;
				CLANG_WARN_OBJC_ROOT_CLASS = YES_ERROR;
				CLANG_WARN_QUOTED_INCLUDE_IN_FRAMEWORK_HEADER = YES;
				CLANG_WARN_RANGE_LOOP_ANALYSIS = YES;
				CLANG_WARN_STRICT_PROTOTYPES = YES;
				CLANG_WARN_SUSPICIOUS_MOVE = YES;
				CLANG_WARN_UNGUARDED_AVAILABILITY = YES_AGGRESSIVE;
				CLANG_WARN_UNREACHABLE_CODE = YES;
				CLANG_WARN__DUPLICATE_METHOD_MATCH = YES;
				COPY_PHASE_STRIP = NO;
				DEBUG_INFORMATION_FORMAT = dwarf;
				ENABLE_STRICT_OBJC_MSGSEND = YES;
				ENABLE_TESTABILITY = YES;
				ENABLE_USER_SCRIPT_SANDBOXING = YES;
				GCC_C_LANGUAGE_STANDARD = gnu17;
				GCC_DYNAMIC_NO_PIC = NO;
				GCC_NO_COMMON_BLOCKS = YES;
				GCC_OPTIMIZATION_LEVEL = 0;
				GCC_PREPROCESSOR_DEFINITIONS = (
					"DEBUG=1",
					"$(inherited)",
				);
				GCC_WARN_64_TO_32_BIT_CONVERSION = YES;
				GCC_WARN_ABOUT_RETURN_TYPE = YES_ERROR;
				GCC_WARN_UNDECLARED_SELECTOR = YES;
				GCC_WARN_UNINITIALIZED_AUTOS = YES_AGGRESSIVE;
				GCC_WARN_UNUSED_FUNCTION = YES;
				GCC_WARN_UNUSED_VARIABLE = YES;
				IPHONEOS_DEPLOYMENT_TARGET = 18.2;
				LOCALIZATION_PREFERS_STRING_CATALOGS = YES;
				MTL_ENABLE_DEBUG_INFO = INCLUDE_SOURCE;
				MTL_FAST_MATH = YES;
				ONLY_ACTIVE_ARCH = YES;
				SDKROOT = iphoneos;
				SWIFT_ACTIVE_COMPILATION_CONDITIONS = "DEBUG $(inherited)";
				SWIFT_OPTIMIZATION_LEVEL = "-Onone";
			};
			name = Debug;
		};
		24AB9A642DF3CC5A0063D669 /* Release */ = {
			isa = XCBuildConfiguration;
			buildSettings = {
				ALWAYS_SEARCH_USER_PATHS = NO;
				ASSETCATALOG_COMPILER_GENERATE_SWIFT_ASSET_SYMBOL_EXTENSIONS = YES;
				CLANG_ANALYZER_NONNULL = YES;
				CLANG_ANALYZER_NUMBER_OBJECT_CONVERSION = YES_AGGRESSIVE;
				CLANG_CXX_LANGUAGE_STANDARD = "gnu++20";
				CLANG_ENABLE_MODULES = YES;
				CLANG_ENABLE_OBJC_ARC = YES;
				CLANG_ENABLE_OBJC_WEAK = YES;
				CLANG_WARN_BLOCK_CAPTURE_AUTORELEASING = YES;
				CLANG_WARN_BOOL_CONVERSION = YES;
				CLANG_WARN_COMMA = YES;
				CLANG_WARN_CONSTANT_CONVERSION = YES;
				CLANG_WARN_DEPRECATED_OBJC_IMPLEMENTATIONS = YES;
				CLANG_WARN_DIRECT_OBJC_ISA_USAGE = YES_ERROR;
				CLANG_WARN_DOCUMENTATION_COMMENTS = YES;
				CLANG_WARN_EMPTY_BODY = YES;
				CLANG_WARN_ENUM_CONVERSION = YES;
				CLANG_WARN_INFINITE_RECURSION = YES;
				CLANG_WARN_INT_CONVERSION = YES;
				CLANG_WARN_NON_LITERAL_NULL_CONVERSION = YES;
				CLANG_WARN_OBJC_IMPLICIT_RETAIN_SELF = YES;
				CLANG_WARN_OBJC_LITERAL_CONVERSION = YES;
				CLANG_WARN_OBJC_ROOT_CLASS = YES_ERROR;
				CLANG_WARN_QUOTED_INCLUDE_IN_FRAMEWORK_HEADER = YES;
				CLANG_WARN_RANGE_LOOP_ANALYSIS = YES;
				CLANG_WARN_STRICT_PROTOTYPES = YES;
				CLANG_WARN_SUSPICIOUS_MOVE = YES;
				CLANG_WARN_UNGUARDED_AVAILABILITY = YES_AGGRESSIVE;
				CLANG_WARN_UNREACHABLE_CODE = YES;
				CLANG_WARN__DUPLICATE_METHOD_MATCH = YES;
				COPY_PHASE_STRIP = NO;
				DEBUG_INFORMATION_FORMAT = "dwarf-with-dsym";
				ENABLE_NS_ASSERTIONS = NO;
				ENABLE_STRICT_OBJC_MSGSEND = YES;
				ENABLE_USER_SCRIPT_SANDBOXING = YES;
				GCC_C_LANGUAGE_STANDARD = gnu17;
				GCC_NO_COMMON_BLOCKS = YES;
				GCC_WARN_64_TO_32_BIT_CONVERSION = YES;
				GCC_WARN_ABOUT_RETURN_TYPE = YES_ERROR;
				GCC_WARN_UNDECLARED_SELECTOR = YES;
				GCC_WARN_UNINITIALIZED_AUTOS = YES_AGGRESSIVE;
				GCC_WARN_UNUSED_FUNCTION = YES;
				GCC_WARN_UNUSED_VARIABLE = YES;
				IPHONEOS_DEPLOYMENT_TARGET = 18.2;
				LOCALIZATION_PREFERS_STRING_CATALOGS = YES;
				MTL_ENABLE_DEBUG_INFO = NO;
				MTL_FAST_MATH = YES;
				SDKROOT = iphoneos;
				SWIFT_COMPILATION_MODE = wholemodule;
				VALIDATE_PRODUCT = YES;
			};
			name = Release;
		};
		24AB9A662DF3CC5A0063D669 /* Debug */ = {
			isa = XCBuildConfiguration;
			buildSettings = {
				ASSETCATALOG_COMPILER_APPICON_NAME = AppIcon;
				ASSETCATALOG_COMPILER_GLOBAL_ACCENT_COLOR_NAME = AccentColor;
				CODE_SIGN_STYLE = Automatic;
				CURRENT_PROJECT_VERSION = 1;
				DEVELOPMENT_ASSET_PATHS = "\"Tech.AI/Preview Content\"";
				DEVELOPMENT_TEAM = ZXFUC7UWY5;
				ENABLE_PREVIEWS = YES;
				GENERATE_INFOPLIST_FILE = YES;
				INFOPLIST_FILE = "Tech-AI-Info.plist";
				INFOPLIST_KEY_NSSpeechRecognitionUsageDescription = "";
				INFOPLIST_KEY_UIApplicationSceneManifest_Generation = YES;
				INFOPLIST_KEY_UIApplicationSupportsIndirectInputEvents = YES;
				INFOPLIST_KEY_UILaunchScreen_Generation = YES;
				INFOPLIST_KEY_UISupportedInterfaceOrientations_iPad = "UIInterfaceOrientationPortrait UIInterfaceOrientationPortraitUpsideDown UIInterfaceOrientationLandscapeLeft UIInterfaceOrientationLandscapeRight";
				INFOPLIST_KEY_UISupportedInterfaceOrientations_iPhone = "UIInterfaceOrientationPortrait UIInterfaceOrientationLandscapeLeft UIInterfaceOrientationLandscapeRight";
				LD_RUNPATH_SEARCH_PATHS = (
					"$(inherited)",
					"@executable_path/Frameworks",
				);
				MARKETING_VERSION = 1.0;
				PRODUCT_BUNDLE_IDENTIFIER = "Tahsin-s-Swift-Code.Tech-AI";
				PRODUCT_NAME = "$(TARGET_NAME)";
				SWIFT_EMIT_LOC_STRINGS = YES;
				SWIFT_VERSION = 5.0;
				TARGETED_DEVICE_FAMILY = "1,2";
			};
			name = Debug;
		};
		24AB9A672DF3CC5A0063D669 /* Release */ = {
			isa = XCBuildConfiguration;
			buildSettings = {
				ASSETCATALOG_COMPILER_APPICON_NAME = AppIcon;
				ASSETCATALOG_COMPILER_GLOBAL_ACCENT_COLOR_NAME = AccentColor;
				CODE_SIGN_STYLE = Automatic;
				CURRENT_PROJECT_VERSION = 1;
				DEVELOPMENT_ASSET_PATHS = "\"Tech.AI/Preview Content\"";
				DEVELOPMENT_TEAM = ZXFUC7UWY5;
				ENABLE_PREVIEWS = YES;
				GENERATE_INFOPLIST_FILE = YES;
				INFOPLIST_FILE = "Tech-AI-Info.plist";
				INFOPLIST_KEY_NSSpeechRecognitionUsageDescription = "";
				INFOPLIST_KEY_UIApplicationSceneManifest_Generation = YES;
				INFOPLIST_KEY_UIApplicationSupportsIndirectInputEvents = YES;
				INFOPLIST_KEY_UILaunchScreen_Generation = YES;
				INFOPLIST_KEY_UISupportedInterfaceOrientations_iPad = "UIInterfaceOrientationPortrait UIInterfaceOrientationPortraitUpsideDown UIInterfaceOrientationLandscapeLeft UIInterfaceOrientationLandscapeRight";
				INFOPLIST_KEY_UISupportedInterfaceOrientations_iPhone = "UIInterfaceOrientationPortrait UIInterfaceOrientationLandscapeLeft UIInterfaceOrientationLandscapeRight";
				LD_RUNPATH_SEARCH_PATHS = (
					"$(inherited)",
					"@executable_path/Frameworks",
				);
				MARKETING_VERSION = 1.0;
				PRODUCT_BUNDLE_IDENTIFIER = "Tahsin-s-Swift-Code.Tech-AI";
				PRODUCT_NAME = "$(TARGET_NAME)";
				SWIFT_EMIT_LOC_STRINGS = YES;
				SWIFT_VERSION = 5.0;
				TARGETED_DEVICE_FAMILY = "1,2";
			};
			name = Release;
		};
		24AB9A692DF3CC5A0063D669 /* Debug */ = {
			isa = XCBuildConfiguration;
			buildSettings = {
				BUNDLE_LOADER = "$(TEST_HOST)";
				"CODE_SIGN_IDENTITY[sdk=macosx*]" = "Apple Development";
				CODE_SIGN_STYLE = Automatic;
				CURRENT_PROJECT_VERSION = 1;
				DEVELOPMENT_TEAM = ZXFUC7UWY5;
				GENERATE_INFOPLIST_FILE = YES;
				IPHONEOS_DEPLOYMENT_TARGET = 18.2;
				MARKETING_VERSION = 1.0;
				PRODUCT_BUNDLE_IDENTIFIER = "Tahsin-s-Swift-Code.Tech-AITests";
				PRODUCT_NAME = "$(TARGET_NAME)";
				SWIFT_EMIT_LOC_STRINGS = NO;
				SWIFT_VERSION = 5.0;
				TARGETED_DEVICE_FAMILY = "1,2";
				TEST_HOST = "$(BUILT_PRODUCTS_DIR)/Tech.AI.app/$(BUNDLE_EXECUTABLE_FOLDER_PATH)/Tech.AI";
			};
			name = Debug;
		};
		24AB9A6A2DF3CC5A0063D669 /* Release */ = {
			isa = XCBuildConfiguration;
			buildSettings = {
				BUNDLE_LOADER = "$(TEST_HOST)";
				"CODE_SIGN_IDENTITY[sdk=macosx*]" = "Apple Development";
				CODE_SIGN_STYLE = Automatic;
				CURRENT_PROJECT_VERSION = 1;
				DEVELOPMENT_TEAM = ZXFUC7UWY5;
				GENERATE_INFOPLIST_FILE = YES;
				IPHONEOS_DEPLOYMENT_TARGET = 18.2;
				MARKETING_VERSION = 1.0;
				PRODUCT_BUNDLE_IDENTIFIER = "Tahsin-s-Swift-Code.Tech-AITests";
				PRODUCT_NAME = "$(TARGET_NAME)";
				SWIFT_EMIT_LOC_STRINGS = NO;
				SWIFT_VERSION = 5.0;
				TARGETED_DEVICE_FAMILY = "1,2";
				TEST_HOST = "$(BUILT_PRODUCTS_DIR)/Tech.AI.app/$(BUNDLE_EXECUTABLE_FOLDER_PATH)/Tech.AI";
			};
			name = Release;
		};
		24AB9A6C2DF3CC5A0063D669 /* Debug */ = {
			isa = XCBuildConfiguration;
			buildSettings = {
				CODE_SIGN_STYLE = Automatic;
				CURRENT_PROJECT_VERSION = 1;
				DEVELOPMENT_TEAM = ZXFUC7UWY5;
				GENERATE_INFOPLIST_FILE = YES;
				MARKETING_VERSION = 1.0;
				PRODUCT_BUNDLE_IDENTIFIER = "Tahsin-s-Swift-Code.Tech-AIUITests";
				PRODUCT_NAME = "$(TARGET_NAME)";
				SWIFT_EMIT_LOC_STRINGS = NO;
				SWIFT_VERSION = 5.0;
				TARGETED_DEVICE_FAMILY = "1,2";
				TEST_TARGET_NAME = Tech.AI;
			};
			name = Debug;
		};
		24AB9A6D2DF3CC5A0063D669 /* Release */ = {
			isa = XCBuildConfiguration;
			buildSettings = {
				CODE_SIGN_STYLE = Automatic;
				CURRENT_PROJECT_VERSION = 1;
				DEVELOPMENT_TEAM = ZXFUC7UWY5;
				GENERATE_INFOPLIST_FILE = YES;
				MARKETING_VERSION = 1.0;
				PRODUCT_BUNDLE_IDENTIFIER = "Tahsin-s-Swift-Code.Tech-AIUITests";
				PRODUCT_NAME = "$(TARGET_NAME)";
				SWIFT_EMIT_LOC_STRINGS = NO;
				SWIFT_VERSION = 5.0;
				TARGETED_DEVICE_FAMILY = "1,2";
				TEST_TARGET_NAME = Tech.AI;
			};
			name = Release;
		};
/* End XCBuildConfiguration section */

/* Begin XCConfigurationList section */
		24AB9A3C2DF3CC570063D669 /* Build configuration list for PBXProject "Tech.AI" */ = {
			isa = XCConfigurationList;
			buildConfigurations = (
				24AB9A632DF3CC5A0063D669 /* Debug */,
				24AB9A642DF3CC5A0063D669 /* Release */,
			);
			defaultConfigurationIsVisible = 0;
			defaultConfigurationName = Release;
		};
		24AB9A652DF3CC5A0063D669 /* Build configuration list for PBXNativeTarget "Tech.AI" */ = {
			isa = XCConfigurationList;
			buildConfigurations = (
				24AB9A662DF3CC5A0063D669 /* Debug */,
				24AB9A672DF3CC5A0063D669 /* Release */,
			);
			defaultConfigurationIsVisible = 0;
			defaultConfigurationName = Release;
		};
		24AB9A682DF3CC5A0063D669 /* Build configuration list for PBXNativeTarget "Tech.AITests" */ = {
			isa = XCConfigurationList;
			buildConfigurations = (
				24AB9A692DF3CC5A0063D669 /* Debug */,
				24AB9A6A2DF3CC5A0063D669 /* Release */,
			);
			defaultConfigurationIsVisible = 0;
			defaultConfigurationName = Release;
		};
		24AB9A6B2DF3CC5A0063D669 /* Build configuration list for PBXNativeTarget "Tech.AIUITests" */ = {
			isa = XCConfigurationList;
			buildConfigurations = (
				24AB9A6C2DF3CC5A0063D669 /* Debug */,
				24AB9A6D2DF3CC5A0063D669 /* Release */,
			);
			defaultConfigurationIsVisible = 0;
			defaultConfigurationName = Release;
		};
/* End XCConfigurationList section */
	};
	rootObject = 24AB9A392DF3CC570063D669 /* Project object */;
}
